
Microsoft Visual Studio Solution File, Format Version 12.00
# Visual Studio 15
VisualStudioVersion = 15.0.27130.2027
MinimumVisualStudioVersion = 10.0.40219.1
Project("{FAE04EC0-301F-11D3-BF4B-00C04F79EFBC}") = "CRUDApp", "CRUDApp\CRUDApp.csproj", "{EC65DDCA-78C7-4C02-A779-56E64E35C7E0}"
EndProject
Global
	GlobalSection(SolutionConfigurationPlatforms) = preSolution
		Debug|Any CPU = Debug|Any CPU
		Release|Any CPU = Release|Any CPU
	EndGlobalSection
	GlobalSection(ProjectConfigurationPlatforms) = postSolution
		{EC65DDCA-78C7-4C02-A779-56E64E35C7E0}.Debug|Any CPU.ActiveCfg = Debug|Any CPU
		{EC65DDCA-78C7-4C02-A779-56E64E35C7E0}.Debug|Any CPU.Build.0 = Debug|Any CPU
		{EC65DDCA-78C7-4C02-A779-56E64E35C7E0}.Release|Any CPU.ActiveCfg = Release|Any CPU
		{EC65DDCA-78C7-4C02-A779-56E64E35C7E0}.Release|Any CPU.Build.0 = Release|Any CPU
	EndGlobalSection
	GlobalSection(SolutionProperties) = preSolution
		HideSolutionNode = FALSE
	EndGlobalSection
	GlobalSection(ExtensibilityGlobals) = postSolution
		SolutionGuid = {7FB925BC-EE7C-47DE-8BA8-C7832E2387C6}
	EndGlobalSection
EndGlobal
